{
  "version": 4,
  "terraform_version": "1.12.2",
  "serial": 1,
  "lineage": "b805ef72-0fc5-3ac0-afc3-a84f9aab980e",
  "outputs": {},
  "resources": [
    {
      "mode": "managed",
      "type": "aws_instance",
      "name": "ubuntu1",
      "provider": "provider[\"registry.terraform.io/hashicorp/aws\"]",
      "instances": [
        {
          "schema_version": 2,
          "attributes": {
            "ami": "ami-067a0fad89512f721",
            "arn": "arn:aws:ec2:us-west-2:783764594660:instance/i-029b69b774146fb35",
            "associate_public_ip_address": false,
            "availability_zone": "us-west-2b",
            "capacity_reservation_specification": [
              {
                "capacity_reservation_preference": "open",
                "capacity_reservation_target": []
              }
            ],
            "cpu_options": [
              {
                "amd_sev_snp": "",
                "core_count": 1,
                "threads_per_core": 2
              }
            ],
            "credit_specification": [
              {
                "cpu_credits": "unlimited"
              }
            ],
            "disable_api_stop": false,
            "disable_api_termination": false,
            "ebs_block_device": [],
            "ebs_optimized": false,
            "enable_primary_ipv6": null,
            "enclave_options": [
              {
                "enabled": false
              }
            ],
            "ephemeral_block_device": [],
            "force_destroy": false,
            "get_password_data": false,
            "hibernation": false,
            "host_id": "",
            "host_resource_group_arn": null,
            "iam_instance_profile": "",
            "id": "i-029b69b774146fb35",
            "instance_initiated_shutdown_behavior": "stop",
            "instance_lifecycle": "",
            "instance_market_options": [],
            "instance_state": "running",
            "instance_type": "t3.small",
            "ipv6_address_count": 0,
            "ipv6_addresses": [],
            "key_name": "dstamen-gso",
            "launch_template": [],
            "maintenance_options": [
              {
                "auto_recovery": "default"
              }
            ],
            "metadata_options": [
              {
                "http_endpoint": "enabled",
                "http_protocol_ipv6": "disabled",
                "http_put_response_hop_limit": 1,
                "http_tokens": "optional",
                "instance_metadata_tags": "disabled"
              }
            ],
            "monitoring": false,
            "network_interface": [],
            "outpost_arn": "",
            "password_data": "",
            "placement_group": "",
            "placement_partition_number": 0,
            "primary_network_interface_id": "eni-0ca61e0bb6e2f634f",
            "private_dns": "ip-172-18-11-64.us-west-2.compute.internal",
            "private_dns_name_options": [
              {
                "enable_resource_name_dns_a_record": false,
                "enable_resource_name_dns_aaaa_record": false,
                "hostname_type": "ip-name"
              }
            ],
            "private_ip": "172.18.11.64",
            "public_dns": "",
            "public_ip": "",
            "region": "us-west-2",
            "root_block_device": [
              {
                "delete_on_termination": true,
                "device_name": "/dev/sda1",
                "encrypted": true,
                "iops": 0,
                "kms_key_id": "arn:aws:kms:us-west-2:783764594660:key/ad3c4f84-8645-45cc-b9e3-a430e5281494",
                "tags": {},
                "tags_all": {},
                "throughput": 0,
                "volume_id": "vol-0e833eda8cff854d3",
                "volume_size": 1,
                "volume_type": "standard"
              }
            ],
            "secondary_private_ips": [],
            "security_groups": [],
            "source_dest_check": true,
            "spot_instance_request_id": "",
            "subnet_id": "subnet-0fba548f26fcf8967",
            "tags": {
              "Name": "ubuntu1",
              "administrator": "david_stamen",
              "env": "dev",
              "ext-facing": "false",
              "importance": "low",
              "org": "revenue",
              "owner": "worldwide_sys_eng",
              "service": "demo",
              "team": "elob"
            },
            "tags_all": {
              "Name": "ubuntu1",
              "administrator": "david_stamen",
              "env": "dev",
              "ext-facing": "false",
              "importance": "low",
              "org": "revenue",
              "owner": "worldwide_sys_eng",
              "service": "demo",
              "team": "elob"
            },
            "tenancy": "default",
            "timeouts": null,
            "user_data": "#!ipxe\n\n# --- iPXE Variables ---\nset initiator-iqn iqn.2010-04.org.ipxe:ubuntu1\nset target-ip1 172.18.10.68\nset target-ip2 172.18.10.92\nset array-iqn iqn.2010-06.com.purestorage:flasharray.22a52e281e6dbb52\n\n# --- iPXE Boot Commands ---\ndhcp\nsanboot iscsi:${target-ip1}:::1:${array-iqn} iscsi:${target-ip2}:::1:${array-iqn}\n",
            "user_data_base64": null,
            "user_data_replace_on_change": false,
            "volume_tags": null,
            "vpc_security_group_ids": [
              "sg-0916e0106dabdf335"
            ]
          },
          "sensitive_attributes": [],
          "identity_schema_version": 0,
          "private": "eyJlMmJmYjczMC1lY2FhLTExZTYtOGY4OC0zNDM2M2JjN2M0YzAiOnsiY3JlYXRlIjo2MDAwMDAwMDAwMDAsImRlbGV0ZSI6MTIwMDAwMDAwMDAwMCwicmVhZCI6OTAwMDAwMDAwMDAwLCJ1cGRhdGUiOjYwMDAwMDAwMDAwMH0sInNjaGVtYV92ZXJzaW9uIjoiMiJ9"
        }
      ]
    }
  ],
  "check_results": null
}
